
Microsoft Visual Studio Solution File, Format Version 12.00
# Visual Studio Version 17
VisualStudioVersion = 17.2.32526.322
MinimumVisualStudioVersion = 10.0.40219.1
Project("{2150E333-8FDC-42A3-9474-1A3956D46DE8}") = "Services", "Services", "{7DC59A9C-BB81-41A2-9B7B-F01908445E55}"
EndProject
Project("{2150E333-8FDC-42A3-9474-1A3956D46DE8}") = "Catalog", "Catalog", "{2FCD8356-5B8B-442E-B3AD-0F62B3677B16}"
EndProject
Project("{9A19103F-16F7-4668-BE54-9A1E7A4F7556}") = "FreeCourse.Services.Catalog", "Services\Catalog\FreeCourse.Services.Catalog\FreeCourse.Services.Catalog.csproj", "{C52E2047-FC68-4429-A0C3-D1C3D7442BEA}"
EndProject
Project("{2150E333-8FDC-42A3-9474-1A3956D46DE8}") = "Solution Items", "Solution Items", "{0C9BB4BF-EB92-43B1-B094-A4F62AD4880A}"
	ProjectSection(SolutionItems) = preProject
		PortInfo.txt = PortInfo.txt
	EndProjectSection
EndProject
Project("{2150E333-8FDC-42A3-9474-1A3956D46DE8}") = "Shared", "Shared", "{98B1BB6C-92C6-4C77-A674-AE463E5B2914}"
EndProject
Project("{9A19103F-16F7-4668-BE54-9A1E7A4F7556}") = "FreeCourse.Shared", "Shared\FreeCourse.Shared\FreeCourse.Shared.csproj", "{6AD0801A-80BC-4A0A-968A-91DEC13F195F}"
EndProject
Project("{2150E333-8FDC-42A3-9474-1A3956D46DE8}") = "IdentityServer", "IdentityServer", "{6990A7D3-C86A-46D9-8008-8AE7B4458F5E}"
EndProject
Project("{9A19103F-16F7-4668-BE54-9A1E7A4F7556}") = "FreeCourse.IdentityServer", "IdentityServer\FreeCourse.IdentityServer\FreeCourse.IdentityServer.csproj", "{C0D21AE7-1FFB-4D78-B55A-53F4F507578D}"
EndProject
Project("{2150E333-8FDC-42A3-9474-1A3956D46DE8}") = "PhotoStock", "PhotoStock", "{12E69A44-BFBB-4B8B-8F2E-057FC6B4B3AE}"
EndProject
Project("{9A19103F-16F7-4668-BE54-9A1E7A4F7556}") = "FreeCourse.Services.PhotoStock", "Services\PhotoStock\FreeCourse.Services.PhotoStock\FreeCourse.Services.PhotoStock.csproj", "{AB9E7F81-D28C-4C2B-BE3E-39A783D17133}"
EndProject
Project("{2150E333-8FDC-42A3-9474-1A3956D46DE8}") = "Basket", "Basket", "{225B38BD-EF67-41FC-8B6C-A433F33F9C3F}"
EndProject
Project("{9A19103F-16F7-4668-BE54-9A1E7A4F7556}") = "FreeCourse.Services.Basket", "Services\Basket\FreeCourse.Services.Basket\FreeCourse.Services.Basket.csproj", "{05DC00D8-7296-4637-B03C-347E187B3B13}"
EndProject
Project("{2150E333-8FDC-42A3-9474-1A3956D46DE8}") = "Discount", "Discount", "{B05D661B-E51E-4FAA-B531-C777B2BCFF63}"
EndProject
Project("{9A19103F-16F7-4668-BE54-9A1E7A4F7556}") = "FreeCourse.Services.Discount", "Services\Discount\FreeCourse.Services.Discount\FreeCourse.Services.Discount.csproj", "{69E7A89A-2338-45FE-8A67-045F179B845A}"
EndProject
Project("{2150E333-8FDC-42A3-9474-1A3956D46DE8}") = "Order", "Order", "{D65DCEFC-3365-40AF-B13E-416A136BBB40}"
EndProject
Project("{9A19103F-16F7-4668-BE54-9A1E7A4F7556}") = "FreeCourse.Services.Order.API", "Services\Order\FreeCourse.Services.Order.API\FreeCourse.Services.Order.API.csproj", "{F8D022ED-3EA5-412F-BCAA-B226DBD8C001}"
EndProject
Project("{9A19103F-16F7-4668-BE54-9A1E7A4F7556}") = "FreeCourse.Services.Order.Domain.Core", "Services\Order\FreeCourse.Services.Order.Domain.Core\FreeCourse.Services.Order.Domain.Core.csproj", "{D1E6AC13-8A06-4AAD-9876-94B2B029922D}"
EndProject
Project("{9A19103F-16F7-4668-BE54-9A1E7A4F7556}") = "FreeCourse.Services.Order.Domain", "Services\Order\FreeCourse.Services.Order.Domain\FreeCourse.Services.Order.Domain.csproj", "{2874B821-125D-433A-ACED-303C11B5C375}"
EndProject
Project("{9A19103F-16F7-4668-BE54-9A1E7A4F7556}") = "FreeCourse.Services.Order.Application", "Services\Order\FreeCourse.Services.Order.Application\FreeCourse.Services.Order.Application.csproj", "{A250CD96-AC5B-48FC-B378-F5649C3F572D}"
EndProject
Project("{9A19103F-16F7-4668-BE54-9A1E7A4F7556}") = "FreeCourse.Services.Order.Infrastructure", "Services\Order\FreeCourse.Services.Order.Infrastructure\FreeCourse.Services.Order.Infrastructure.csproj", "{AD1FC8EC-BB01-4C44-9C95-E508D744ABC8}"
EndProject
Project("{2150E333-8FDC-42A3-9474-1A3956D46DE8}") = "FakePayment", "FakePayment", "{6B9BECE8-86D6-4A96-9227-56560E497491}"
EndProject
Project("{FAE04EC0-301F-11D3-BF4B-00C04F79EFBC}") = "FreeCourse.Services.FakePayment", "Services\FakePayment\FreeCourse.Services.FakePayment\FreeCourse.Services.FakePayment.csproj", "{7FBA0856-65D5-4490-BAEC-03BA4C5A7EB6}"
EndProject
Global
	GlobalSection(SolutionConfigurationPlatforms) = preSolution
		Debug|Any CPU = Debug|Any CPU
		Release|Any CPU = Release|Any CPU
	EndGlobalSection
	GlobalSection(ProjectConfigurationPlatforms) = postSolution
		{C52E2047-FC68-4429-A0C3-D1C3D7442BEA}.Debug|Any CPU.ActiveCfg = Debug|Any CPU
		{C52E2047-FC68-4429-A0C3-D1C3D7442BEA}.Debug|Any CPU.Build.0 = Debug|Any CPU
		{C52E2047-FC68-4429-A0C3-D1C3D7442BEA}.Release|Any CPU.ActiveCfg = Release|Any CPU
		{C52E2047-FC68-4429-A0C3-D1C3D7442BEA}.Release|Any CPU.Build.0 = Release|Any CPU
		{6AD0801A-80BC-4A0A-968A-91DEC13F195F}.Debug|Any CPU.ActiveCfg = Debug|Any CPU
		{6AD0801A-80BC-4A0A-968A-91DEC13F195F}.Debug|Any CPU.Build.0 = Debug|Any CPU
		{6AD0801A-80BC-4A0A-968A-91DEC13F195F}.Release|Any CPU.ActiveCfg = Release|Any CPU
		{6AD0801A-80BC-4A0A-968A-91DEC13F195F}.Release|Any CPU.Build.0 = Release|Any CPU
		{C0D21AE7-1FFB-4D78-B55A-53F4F507578D}.Debug|Any CPU.ActiveCfg = Debug|Any CPU
		{C0D21AE7-1FFB-4D78-B55A-53F4F507578D}.Debug|Any CPU.Build.0 = Debug|Any CPU
		{C0D21AE7-1FFB-4D78-B55A-53F4F507578D}.Release|Any CPU.ActiveCfg = Release|Any CPU
		{C0D21AE7-1FFB-4D78-B55A-53F4F507578D}.Release|Any CPU.Build.0 = Release|Any CPU
		{AB9E7F81-D28C-4C2B-BE3E-39A783D17133}.Debug|Any CPU.ActiveCfg = Debug|Any CPU
		{AB9E7F81-D28C-4C2B-BE3E-39A783D17133}.Debug|Any CPU.Build.0 = Debug|Any CPU
		{AB9E7F81-D28C-4C2B-BE3E-39A783D17133}.Release|Any CPU.ActiveCfg = Release|Any CPU
		{AB9E7F81-D28C-4C2B-BE3E-39A783D17133}.Release|Any CPU.Build.0 = Release|Any CPU
		{05DC00D8-7296-4637-B03C-347E187B3B13}.Debug|Any CPU.ActiveCfg = Debug|Any CPU
		{05DC00D8-7296-4637-B03C-347E187B3B13}.Debug|Any CPU.Build.0 = Debug|Any CPU
		{05DC00D8-7296-4637-B03C-347E187B3B13}.Release|Any CPU.ActiveCfg = Release|Any CPU
		{05DC00D8-7296-4637-B03C-347E187B3B13}.Release|Any CPU.Build.0 = Release|Any CPU
		{69E7A89A-2338-45FE-8A67-045F179B845A}.Debug|Any CPU.ActiveCfg = Debug|Any CPU
		{69E7A89A-2338-45FE-8A67-045F179B845A}.Debug|Any CPU.Build.0 = Debug|Any CPU
		{69E7A89A-2338-45FE-8A67-045F179B845A}.Release|Any CPU.ActiveCfg = Release|Any CPU
		{69E7A89A-2338-45FE-8A67-045F179B845A}.Release|Any CPU.Build.0 = Release|Any CPU
		{F8D022ED-3EA5-412F-BCAA-B226DBD8C001}.Debug|Any CPU.ActiveCfg = Debug|Any CPU
		{F8D022ED-3EA5-412F-BCAA-B226DBD8C001}.Debug|Any CPU.Build.0 = Debug|Any CPU
		{F8D022ED-3EA5-412F-BCAA-B226DBD8C001}.Release|Any CPU.ActiveCfg = Release|Any CPU
		{F8D022ED-3EA5-412F-BCAA-B226DBD8C001}.Release|Any CPU.Build.0 = Release|Any CPU
		{D1E6AC13-8A06-4AAD-9876-94B2B029922D}.Debug|Any CPU.ActiveCfg = Debug|Any CPU
		{D1E6AC13-8A06-4AAD-9876-94B2B029922D}.Debug|Any CPU.Build.0 = Debug|Any CPU
		{D1E6AC13-8A06-4AAD-9876-94B2B029922D}.Release|Any CPU.ActiveCfg = Release|Any CPU
		{D1E6AC13-8A06-4AAD-9876-94B2B029922D}.Release|Any CPU.Build.0 = Release|Any CPU
		{2874B821-125D-433A-ACED-303C11B5C375}.Debug|Any CPU.ActiveCfg = Debug|Any CPU
		{2874B821-125D-433A-ACED-303C11B5C375}.Debug|Any CPU.Build.0 = Debug|Any CPU
		{2874B821-125D-433A-ACED-303C11B5C375}.Release|Any CPU.ActiveCfg = Release|Any CPU
		{2874B821-125D-433A-ACED-303C11B5C375}.Release|Any CPU.Build.0 = Release|Any CPU
		{A250CD96-AC5B-48FC-B378-F5649C3F572D}.Debug|Any CPU.ActiveCfg = Debug|Any CPU
		{A250CD96-AC5B-48FC-B378-F5649C3F572D}.Debug|Any CPU.Build.0 = Debug|Any CPU
		{A250CD96-AC5B-48FC-B378-F5649C3F572D}.Release|Any CPU.ActiveCfg = Release|Any CPU
		{A250CD96-AC5B-48FC-B378-F5649C3F572D}.Release|Any CPU.Build.0 = Release|Any CPU
		{AD1FC8EC-BB01-4C44-9C95-E508D744ABC8}.Debug|Any CPU.ActiveCfg = Debug|Any CPU
		{AD1FC8EC-BB01-4C44-9C95-E508D744ABC8}.Debug|Any CPU.Build.0 = Debug|Any CPU
		{AD1FC8EC-BB01-4C44-9C95-E508D744ABC8}.Release|Any CPU.ActiveCfg = Release|Any CPU
		{AD1FC8EC-BB01-4C44-9C95-E508D744ABC8}.Release|Any CPU.Build.0 = Release|Any CPU
		{7FBA0856-65D5-4490-BAEC-03BA4C5A7EB6}.Debug|Any CPU.ActiveCfg = Debug|Any CPU
		{7FBA0856-65D5-4490-BAEC-03BA4C5A7EB6}.Debug|Any CPU.Build.0 = Debug|Any CPU
		{7FBA0856-65D5-4490-BAEC-03BA4C5A7EB6}.Release|Any CPU.ActiveCfg = Release|Any CPU
		{7FBA0856-65D5-4490-BAEC-03BA4C5A7EB6}.Release|Any CPU.Build.0 = Release|Any CPU
	EndGlobalSection
	GlobalSection(SolutionProperties) = preSolution
		HideSolutionNode = FALSE
	EndGlobalSection
	GlobalSection(NestedProjects) = preSolution
		{2FCD8356-5B8B-442E-B3AD-0F62B3677B16} = {7DC59A9C-BB81-41A2-9B7B-F01908445E55}
		{C52E2047-FC68-4429-A0C3-D1C3D7442BEA} = {2FCD8356-5B8B-442E-B3AD-0F62B3677B16}
		{6AD0801A-80BC-4A0A-968A-91DEC13F195F} = {98B1BB6C-92C6-4C77-A674-AE463E5B2914}
		{C0D21AE7-1FFB-4D78-B55A-53F4F507578D} = {6990A7D3-C86A-46D9-8008-8AE7B4458F5E}
		{12E69A44-BFBB-4B8B-8F2E-057FC6B4B3AE} = {7DC59A9C-BB81-41A2-9B7B-F01908445E55}
		{AB9E7F81-D28C-4C2B-BE3E-39A783D17133} = {12E69A44-BFBB-4B8B-8F2E-057FC6B4B3AE}
		{225B38BD-EF67-41FC-8B6C-A433F33F9C3F} = {7DC59A9C-BB81-41A2-9B7B-F01908445E55}
		{05DC00D8-7296-4637-B03C-347E187B3B13} = {225B38BD-EF67-41FC-8B6C-A433F33F9C3F}
		{B05D661B-E51E-4FAA-B531-C777B2BCFF63} = {7DC59A9C-BB81-41A2-9B7B-F01908445E55}
		{69E7A89A-2338-45FE-8A67-045F179B845A} = {B05D661B-E51E-4FAA-B531-C777B2BCFF63}
		{D65DCEFC-3365-40AF-B13E-416A136BBB40} = {7DC59A9C-BB81-41A2-9B7B-F01908445E55}
		{F8D022ED-3EA5-412F-BCAA-B226DBD8C001} = {D65DCEFC-3365-40AF-B13E-416A136BBB40}
		{D1E6AC13-8A06-4AAD-9876-94B2B029922D} = {D65DCEFC-3365-40AF-B13E-416A136BBB40}
		{2874B821-125D-433A-ACED-303C11B5C375} = {D65DCEFC-3365-40AF-B13E-416A136BBB40}
		{A250CD96-AC5B-48FC-B378-F5649C3F572D} = {D65DCEFC-3365-40AF-B13E-416A136BBB40}
		{AD1FC8EC-BB01-4C44-9C95-E508D744ABC8} = {D65DCEFC-3365-40AF-B13E-416A136BBB40}
		{6B9BECE8-86D6-4A96-9227-56560E497491} = {7DC59A9C-BB81-41A2-9B7B-F01908445E55}
		{7FBA0856-65D5-4490-BAEC-03BA4C5A7EB6} = {6B9BECE8-86D6-4A96-9227-56560E497491}
	EndGlobalSection
	GlobalSection(ExtensibilityGlobals) = postSolution
		SolutionGuid = {19E1709D-472B-44E1-925B-2661358399DE}
	EndGlobalSection
EndGlobal
